// !$*UTF8*$!
{
	archiveVersion = 1;
	classes = {
	};
	objectVersion = 46;
	objects = {

/* Begin PBXBuildFile section */
		607FACEC1AFB9204008FA782 /* Tests.swift in Sources */ = {isa = PBXBuildFile; fileRef = 607FACEB1AFB9204008FA782 /* Tests.swift */; };
		614DD10C753725DC3D38F7AB /* Pods_AppStack_Demo.framework in Frameworks */ = {isa = PBXBuildFile; fileRef = 889F54EE63E5A2255ECCB577 /* Pods_AppStack_Demo.framework */; };
		9FE56AD3357168B0E3799EFC /* Pods_AppStack_Tests.framework in Frameworks */ = {isa = PBXBuildFile; fileRef = 315094B9FAB8B763B9749584 /* Pods_AppStack_Tests.framework */; };
		FA7B64D026A6276D00FC230D /* DemoAppCoordinator.swift in Sources */ = {isa = PBXBuildFile; fileRef = FA7B64CF26A6276D00FC230D /* DemoAppCoordinator.swift */; };
		FA7B64DC26A629DD00FC230D /* SplashCoordinator.swift in Sources */ = {isa = PBXBuildFile; fileRef = FA7B64DB26A629DD00FC230D /* SplashCoordinator.swift */; };
		FA7B64DE26A62A1300FC230D /* UIStoryboard+Demo.swift in Sources */ = {isa = PBXBuildFile; fileRef = FA7B64DD26A62A1300FC230D /* UIStoryboard+Demo.swift */; };
		FA7B64EA26A9982600FC230D /* SplashBuilder.swift in Sources */ = {isa = PBXBuildFile; fileRef = FA7B64E626A9982600FC230D /* SplashBuilder.swift */; };
		FA7B64EB26A9982600FC230D /* SplashViewController.swift in Sources */ = {isa = PBXBuildFile; fileRef = FA7B64E726A9982600FC230D /* SplashViewController.swift */; };
		FA7B64EC26A9982600FC230D /* SplashViewModel.swift in Sources */ = {isa = PBXBuildFile; fileRef = FA7B64E826A9982600FC230D /* SplashViewModel.swift */; };
		FA7B64ED26A9982600FC230D /* SplashRoute.swift in Sources */ = {isa = PBXBuildFile; fileRef = FA7B64E926A9982600FC230D /* SplashRoute.swift */; };
		FA7B64F426A9987A00FC230D /* LoginRoute.swift in Sources */ = {isa = PBXBuildFile; fileRef = FA7B64F026A9987A00FC230D /* LoginRoute.swift */; };
		FA7B64F526A9987A00FC230D /* LoginViewController.swift in Sources */ = {isa = PBXBuildFile; fileRef = FA7B64F126A9987A00FC230D /* LoginViewController.swift */; };
		FA7B64F626A9987A00FC230D /* LoginBuilder.swift in Sources */ = {isa = PBXBuildFile; fileRef = FA7B64F226A9987A00FC230D /* LoginBuilder.swift */; };
		FA7B64F726A9987A00FC230D /* LoginViewModel.swift in Sources */ = {isa = PBXBuildFile; fileRef = FA7B64F326A9987A00FC230D /* LoginViewModel.swift */; };
		FA7B64F926A9988C00FC230D /* LoginCoordinator.swift in Sources */ = {isa = PBXBuildFile; fileRef = FA7B64F826A9988C00FC230D /* LoginCoordinator.swift */; };
		FA7B64FB26A998BB00FC230D /* Login.storyboard in Resources */ = {isa = PBXBuildFile; fileRef = FA7B64FA26A998BB00FC230D /* Login.storyboard */; };
		FA7B64FE26A9995200FC230D /* Repository.swift in Sources */ = {isa = PBXBuildFile; fileRef = FA7B64FD26A9995200FC230D /* Repository.swift */; };
		FA7B650926A9D62D00FC230D /* MainCoordinator.swift in Sources */ = {isa = PBXBuildFile; fileRef = FA7B650826A9D62D00FC230D /* MainCoordinator.swift */; };
		FA7B650C26A9D9CD00FC230D /* Main.storyboard in Resources */ = {isa = PBXBuildFile; fileRef = FA7B650B26A9D9CD00FC230D /* Main.storyboard */; };
		FA7B651126A9D9FE00FC230D /* SettingsRoute.swift in Sources */ = {isa = PBXBuildFile; fileRef = FA7B650D26A9D9FE00FC230D /* SettingsRoute.swift */; };
		FA7B651226A9D9FE00FC230D /* SettingsViewController.swift in Sources */ = {isa = PBXBuildFile; fileRef = FA7B650E26A9D9FE00FC230D /* SettingsViewController.swift */; };
		FA7B651326A9D9FE00FC230D /* SettingsBuilder.swift in Sources */ = {isa = PBXBuildFile; fileRef = FA7B650F26A9D9FE00FC230D /* SettingsBuilder.swift */; };
		FA7B651426A9D9FE00FC230D /* SettingsViewModel.swift in Sources */ = {isa = PBXBuildFile; fileRef = FA7B651026A9D9FE00FC230D /* SettingsViewModel.swift */; };
		FAF584E426A1ED90006725DC /* AppDelegate.swift in Sources */ = {isa = PBXBuildFile; fileRef = FAF584E326A1ED90006725DC /* AppDelegate.swift */; };
		FAF584E626A1ED90006725DC /* SceneDelegate.swift in Sources */ = {isa = PBXBuildFile; fileRef = FAF584E526A1ED90006725DC /* SceneDelegate.swift */; };
		FAF584E826A1ED90006725DC /* ViewController.swift in Sources */ = {isa = PBXBuildFile; fileRef = FAF584E726A1ED90006725DC /* ViewController.swift */; };
		FAF584ED26A1ED93006725DC /* Assets.xcassets in Resources */ = {isa = PBXBuildFile; fileRef = FAF584EC26A1ED93006725DC /* Assets.xcassets */; };
		FAF584F026A1ED93006725DC /* LaunchScreen.storyboard in Resources */ = {isa = PBXBuildFile; fileRef = FAF584EE26A1ED93006725DC /* LaunchScreen.storyboard */; };
/* End PBXBuildFile section */

/* Begin PBXFileReference section */
		0462456BFFF641F7D12CCBD1 /* Pods-AppStack_Tests.debug.xcconfig */ = {isa = PBXFileReference; includeInIndex = 1; lastKnownFileType = text.xcconfig; name = "Pods-AppStack_Tests.debug.xcconfig"; path = "Target Support Files/Pods-AppStack_Tests/Pods-AppStack_Tests.debug.xcconfig"; sourceTree = "<group>"; };
		315094B9FAB8B763B9749584 /* Pods_AppStack_Tests.framework */ = {isa = PBXFileReference; explicitFileType = wrapper.framework; includeInIndex = 0; path = Pods_AppStack_Tests.framework; sourceTree = BUILT_PRODUCTS_DIR; };
		48432221CA4179C039BF9738 /* AppStack.podspec */ = {isa = PBXFileReference; includeInIndex = 1; lastKnownFileType = text; name = AppStack.podspec; path = ../AppStack.podspec; sourceTree = "<group>"; };
		5322A3D3F21A036C00E46C88 /* Pods-AppStack-Demo.debug.xcconfig */ = {isa = PBXFileReference; includeInIndex = 1; lastKnownFileType = text.xcconfig; name = "Pods-AppStack-Demo.debug.xcconfig"; path = "Target Support Files/Pods-AppStack-Demo/Pods-AppStack-Demo.debug.xcconfig"; sourceTree = "<group>"; };
		6015B681036F61AEB87CF417 /* Pods-AppStack_Tests.release.xcconfig */ = {isa = PBXFileReference; includeInIndex = 1; lastKnownFileType = text.xcconfig; name = "Pods-AppStack_Tests.release.xcconfig"; path = "Target Support Files/Pods-AppStack_Tests/Pods-AppStack_Tests.release.xcconfig"; sourceTree = "<group>"; };
		607FACE51AFB9204008FA782 /* AppStack_Tests.xctest */ = {isa = PBXFileReference; explicitFileType = wrapper.cfbundle; includeInIndex = 0; path = AppStack_Tests.xctest; sourceTree = BUILT_PRODUCTS_DIR; };
		607FACEA1AFB9204008FA782 /* Info.plist */ = {isa = PBXFileReference; lastKnownFileType = text.plist.xml; path = Info.plist; sourceTree = "<group>"; };
		607FACEB1AFB9204008FA782 /* Tests.swift */ = {isa = PBXFileReference; lastKnownFileType = sourcecode.swift; path = Tests.swift; sourceTree = "<group>"; };
		889F54EE63E5A2255ECCB577 /* Pods_AppStack_Demo.framework */ = {isa = PBXFileReference; explicitFileType = wrapper.framework; includeInIndex = 0; path = Pods_AppStack_Demo.framework; sourceTree = BUILT_PRODUCTS_DIR; };
		98735F4617AF64A3DDABBD4C /* README.md */ = {isa = PBXFileReference; includeInIndex = 1; lastKnownFileType = net.daringfireball.markdown; name = README.md; path = ../README.md; sourceTree = "<group>"; };
		A3BFA077910C7EE635055EF8 /* LICENSE */ = {isa = PBXFileReference; includeInIndex = 1; lastKnownFileType = text; name = LICENSE; path = ../LICENSE; sourceTree = "<group>"; };
		F9C4161B3732F67029B94D17 /* Pods-AppStack-Demo.release.xcconfig */ = {isa = PBXFileReference; includeInIndex = 1; lastKnownFileType = text.xcconfig; name = "Pods-AppStack-Demo.release.xcconfig"; path = "Target Support Files/Pods-AppStack-Demo/Pods-AppStack-Demo.release.xcconfig"; sourceTree = "<group>"; };
		FA7B64CF26A6276D00FC230D /* DemoAppCoordinator.swift */ = {isa = PBXFileReference; lastKnownFileType = sourcecode.swift; path = DemoAppCoordinator.swift; sourceTree = "<group>"; };
		FA7B64DB26A629DD00FC230D /* SplashCoordinator.swift */ = {isa = PBXFileReference; lastKnownFileType = sourcecode.swift; path = SplashCoordinator.swift; sourceTree = "<group>"; };
		FA7B64DD26A62A1300FC230D /* UIStoryboard+Demo.swift */ = {isa = PBXFileReference; lastKnownFileType = sourcecode.swift; path = "UIStoryboard+Demo.swift"; sourceTree = "<group>"; };
		FA7B64E626A9982600FC230D /* SplashBuilder.swift */ = {isa = PBXFileReference; fileEncoding = 4; lastKnownFileType = sourcecode.swift; path = SplashBuilder.swift; sourceTree = "<group>"; };
		FA7B64E726A9982600FC230D /* SplashViewController.swift */ = {isa = PBXFileReference; fileEncoding = 4; lastKnownFileType = sourcecode.swift; path = SplashViewController.swift; sourceTree = "<group>"; };
		FA7B64E826A9982600FC230D /* SplashViewModel.swift */ = {isa = PBXFileReference; fileEncoding = 4; lastKnownFileType = sourcecode.swift; path = SplashViewModel.swift; sourceTree = "<group>"; };
		FA7B64E926A9982600FC230D /* SplashRoute.swift */ = {isa = PBXFileReference; fileEncoding = 4; lastKnownFileType = sourcecode.swift; path = SplashRoute.swift; sourceTree = "<group>"; };
		FA7B64F026A9987A00FC230D /* LoginRoute.swift */ = {isa = PBXFileReference; lastKnownFileType = sourcecode.swift; path = LoginRoute.swift; sourceTree = "<group>"; };
		FA7B64F126A9987A00FC230D /* LoginViewController.swift */ = {isa = PBXFileReference; lastKnownFileType = sourcecode.swift; path = LoginViewController.swift; sourceTree = "<group>"; };
		FA7B64F226A9987A00FC230D /* LoginBuilder.swift */ = {isa = PBXFileReference; lastKnownFileType = sourcecode.swift; path = LoginBuilder.swift; sourceTree = "<group>"; };
		FA7B64F326A9987A00FC230D /* LoginViewModel.swift */ = {isa = PBXFileReference; lastKnownFileType = sourcecode.swift; path = LoginViewModel.swift; sourceTree = "<group>"; };
		FA7B64F826A9988C00FC230D /* LoginCoordinator.swift */ = {isa = PBXFileReference; lastKnownFileType = sourcecode.swift; path = LoginCoordinator.swift; sourceTree = "<group>"; };
		FA7B64FA26A998BB00FC230D /* Login.storyboard */ = {isa = PBXFileReference; lastKnownFileType = file.storyboard; path = Login.storyboard; sourceTree = "<group>"; };
		FA7B64FD26A9995200FC230D /* Repository.swift */ = {isa = PBXFileReference; lastKnownFileType = sourcecode.swift; path = Repository.swift; sourceTree = "<group>"; };
		FA7B650826A9D62D00FC230D /* MainCoordinator.swift */ = {isa = PBXFileReference; lastKnownFileType = sourcecode.swift; path = MainCoordinator.swift; sourceTree = "<group>"; };
		FA7B650B26A9D9CD00FC230D /* Main.storyboard */ = {isa = PBXFileReference; fileEncoding = 4; lastKnownFileType = file.storyboard; path = Main.storyboard; sourceTree = "<group>"; };
		FA7B650D26A9D9FE00FC230D /* SettingsRoute.swift */ = {isa = PBXFileReference; lastKnownFileType = sourcecode.swift; path = SettingsRoute.swift; sourceTree = "<group>"; };
		FA7B650E26A9D9FE00FC230D /* SettingsViewController.swift */ = {isa = PBXFileReference; lastKnownFileType = sourcecode.swift; path = SettingsViewController.swift; sourceTree = "<group>"; };
		FA7B650F26A9D9FE00FC230D /* SettingsBuilder.swift */ = {isa = PBXFileReference; lastKnownFileType = sourcecode.swift; path = SettingsBuilder.swift; sourceTree = "<group>"; };
		FA7B651026A9D9FE00FC230D /* SettingsViewModel.swift */ = {isa = PBXFileReference; lastKnownFileType = sourcecode.swift; path = SettingsViewModel.swift; sourceTree = "<group>"; };
		FAF584E126A1ED8F006725DC /* AppStack-Demo.app */ = {isa = PBXFileReference; explicitFileType = wrapper.application; includeInIndex = 0; path = "AppStack-Demo.app"; sourceTree = BUILT_PRODUCTS_DIR; };
		FAF584E326A1ED90006725DC /* AppDelegate.swift */ = {isa = PBXFileReference; lastKnownFileType = sourcecode.swift; path = AppDelegate.swift; sourceTree = "<group>"; };
		FAF584E526A1ED90006725DC /* SceneDelegate.swift */ = {isa = PBXFileReference; lastKnownFileType = sourcecode.swift; path = SceneDelegate.swift; sourceTree = "<group>"; };
		FAF584E726A1ED90006725DC /* ViewController.swift */ = {isa = PBXFileReference; lastKnownFileType = sourcecode.swift; path = ViewController.swift; sourceTree = "<group>"; };
		FAF584EC26A1ED93006725DC /* Assets.xcassets */ = {isa = PBXFileReference; lastKnownFileType = folder.assetcatalog; path = Assets.xcassets; sourceTree = "<group>"; };
		FAF584EF26A1ED93006725DC /* Base */ = {isa = PBXFileReference; lastKnownFileType = file.storyboard; name = Base; path = Base.lproj/LaunchScreen.storyboard; sourceTree = "<group>"; };
		FAF584F126A1ED93006725DC /* Info.plist */ = {isa = PBXFileReference; lastKnownFileType = text.plist.xml; path = Info.plist; sourceTree = "<group>"; };
/* End PBXFileReference section */

/* Begin PBXFrameworksBuildPhase section */
		607FACE21AFB9204008FA782 /* Frameworks */ = {
			isa = PBXFrameworksBuildPhase;
			buildActionMask = 2147483647;
			files = (
				9FE56AD3357168B0E3799EFC /* Pods_AppStack_Tests.framework in Frameworks */,
			);
			runOnlyForDeploymentPostprocessing = 0;
		};
		FAF584DE26A1ED8F006725DC /* Frameworks */ = {
			isa = PBXFrameworksBuildPhase;
			buildActionMask = 2147483647;
			files = (
				614DD10C753725DC3D38F7AB /* Pods_AppStack_Demo.framework in Frameworks */,
			);
			runOnlyForDeploymentPostprocessing = 0;
		};
/* End PBXFrameworksBuildPhase section */

/* Begin PBXGroup section */
		4F62E8F385F995BFBFE277EC /* Frameworks */ = {
			isa = PBXGroup;
			children = (
				315094B9FAB8B763B9749584 /* Pods_AppStack_Tests.framework */,
				889F54EE63E5A2255ECCB577 /* Pods_AppStack_Demo.framework */,
			);
			name = Frameworks;
			sourceTree = "<group>";
		};
		607FACC71AFB9204008FA782 = {
			isa = PBXGroup;
			children = (
				607FACF51AFB993E008FA782 /* Podspec Metadata */,
				607FACE81AFB9204008FA782 /* Tests */,
				FAF584E226A1ED90006725DC /* AppStack-Demo */,
				607FACD11AFB9204008FA782 /* Products */,
				AE7736DE295A8B97F6E274BC /* Pods */,
				4F62E8F385F995BFBFE277EC /* Frameworks */,
			);
			sourceTree = "<group>";
		};
		607FACD11AFB9204008FA782 /* Products */ = {
			isa = PBXGroup;
			children = (
				607FACE51AFB9204008FA782 /* AppStack_Tests.xctest */,
				FAF584E126A1ED8F006725DC /* AppStack-Demo.app */,
			);
			name = Products;
			sourceTree = "<group>";
		};
		607FACE81AFB9204008FA782 /* Tests */ = {
			isa = PBXGroup;
			children = (
				607FACEB1AFB9204008FA782 /* Tests.swift */,
				607FACE91AFB9204008FA782 /* Supporting Files */,
			);
			path = Tests;
			sourceTree = "<group>";
		};
		607FACE91AFB9204008FA782 /* Supporting Files */ = {
			isa = PBXGroup;
			children = (
				607FACEA1AFB9204008FA782 /* Info.plist */,
			);
			name = "Supporting Files";
			sourceTree = "<group>";
		};
		607FACF51AFB993E008FA782 /* Podspec Metadata */ = {
			isa = PBXGroup;
			children = (
				48432221CA4179C039BF9738 /* AppStack.podspec */,
				98735F4617AF64A3DDABBD4C /* README.md */,
				A3BFA077910C7EE635055EF8 /* LICENSE */,
			);
			name = "Podspec Metadata";
			sourceTree = "<group>";
		};
		AE7736DE295A8B97F6E274BC /* Pods */ = {
			isa = PBXGroup;
			children = (
				0462456BFFF641F7D12CCBD1 /* Pods-AppStack_Tests.debug.xcconfig */,
				6015B681036F61AEB87CF417 /* Pods-AppStack_Tests.release.xcconfig */,
				5322A3D3F21A036C00E46C88 /* Pods-AppStack-Demo.debug.xcconfig */,
				F9C4161B3732F67029B94D17 /* Pods-AppStack-Demo.release.xcconfig */,
			);
			path = Pods;
			sourceTree = "<group>";
		};
		FA7B64D126A6293200FC230D /* Flows */ = {
			isa = PBXGroup;
			children = (
				FA7B64DD26A62A1300FC230D /* UIStoryboard+Demo.swift */,
				FA7B64D226A6293200FC230D /* Splash */,
				FA7B64EE26A9985000FC230D /* Login */,
				FA7B650726A9D61300FC230D /* Main */,
			);
			path = Flows;
			sourceTree = "<group>";
		};
		FA7B64D226A6293200FC230D /* Splash */ = {
			isa = PBXGroup;
			children = (
				FA7B64DB26A629DD00FC230D /* SplashCoordinator.swift */,
				FA7B64E526A9982600FC230D /* Splash */,
			);
			path = Splash;
			sourceTree = "<group>";
		};
		FA7B64E526A9982600FC230D /* Splash */ = {
			isa = PBXGroup;
			children = (
				FA7B64E626A9982600FC230D /* SplashBuilder.swift */,
				FA7B64E726A9982600FC230D /* SplashViewController.swift */,
				FA7B64E826A9982600FC230D /* SplashViewModel.swift */,
				FA7B64E926A9982600FC230D /* SplashRoute.swift */,
			);
			path = Splash;
			sourceTree = "<group>";
		};
		FA7B64EE26A9985000FC230D /* Login */ = {
			isa = PBXGroup;
			children = (
				FA7B64FA26A998BB00FC230D /* Login.storyboard */,
				FA7B64F826A9988C00FC230D /* LoginCoordinator.swift */,
				FA7B64EF26A9985000FC230D /* Login */,
			);
			path = Login;
			sourceTree = "<group>";
		};
		FA7B64EF26A9985000FC230D /* Login */ = {
			isa = PBXGroup;
			children = (
				FA7B64F026A9987A00FC230D /* LoginRoute.swift */,
				FA7B64F126A9987A00FC230D /* LoginViewController.swift */,
				FA7B64F226A9987A00FC230D /* LoginBuilder.swift */,
				FA7B64F326A9987A00FC230D /* LoginViewModel.swift */,
			);
			path = Login;
			sourceTree = "<group>";
		};
		FA7B64FC26A9993D00FC230D /* Repository */ = {
			isa = PBXGroup;
			children = (
				FA7B64FD26A9995200FC230D /* Repository.swift */,
			);
			path = Repository;
			sourceTree = "<group>";
		};
		FA7B650726A9D61300FC230D /* Main */ = {
			isa = PBXGroup;
			children = (
				FA7B650B26A9D9CD00FC230D /* Main.storyboard */,
				FA7B650826A9D62D00FC230D /* MainCoordinator.swift */,
				FA7B650A26A9D96A00FC230D /* Settings */,
			);
			path = Main;
			sourceTree = "<group>";
		};
		FA7B650A26A9D96A00FC230D /* Settings */ = {
			isa = PBXGroup;
			children = (
				FA7B650D26A9D9FE00FC230D /* SettingsRoute.swift */,
				FA7B650E26A9D9FE00FC230D /* SettingsViewController.swift */,
				FA7B650F26A9D9FE00FC230D /* SettingsBuilder.swift */,
				FA7B651026A9D9FE00FC230D /* SettingsViewModel.swift */,
			);
			path = Settings;
			sourceTree = "<group>";
		};
		FAF584E226A1ED90006725DC /* AppStack-Demo */ = {
			isa = PBXGroup;
			children = (
				FA7B64D126A6293200FC230D /* Flows */,
				FA7B64FC26A9993D00FC230D /* Repository */,
				FA7B64CF26A6276D00FC230D /* DemoAppCoordinator.swift */,
				FAF584E326A1ED90006725DC /* AppDelegate.swift */,
				FAF584E526A1ED90006725DC /* SceneDelegate.swift */,
				FAF584E726A1ED90006725DC /* ViewController.swift */,
				FAF584EC26A1ED93006725DC /* Assets.xcassets */,
				FAF584EE26A1ED93006725DC /* LaunchScreen.storyboard */,
				FAF584F126A1ED93006725DC /* Info.plist */,
			);
			path = "AppStack-Demo";
			sourceTree = "<group>";
		};
/* End PBXGroup section */

/* Begin PBXNativeTarget section */
		607FACE41AFB9204008FA782 /* AppStack_Tests */ = {
			isa = PBXNativeTarget;
			buildConfigurationList = 607FACF21AFB9204008FA782 /* Build configuration list for PBXNativeTarget "AppStack_Tests" */;
			buildPhases = (
				6DF106568F1DDCEE53168A5E /* [CP] Check Pods Manifest.lock */,
				607FACE11AFB9204008FA782 /* Sources */,
				607FACE21AFB9204008FA782 /* Frameworks */,
				607FACE31AFB9204008FA782 /* Resources */,
				5E850A470453EBC32F9AE829 /* [CP] Embed Pods Frameworks */,
			);
			buildRules = (
			);
			dependencies = (
			);
			name = AppStack_Tests;
			productName = Tests;
			productReference = 607FACE51AFB9204008FA782 /* AppStack_Tests.xctest */;
			productType = "com.apple.product-type.bundle.unit-test";
		};
		FAF584E026A1ED8F006725DC /* AppStack-Demo */ = {
			isa = PBXNativeTarget;
			buildConfigurationList = FAF584F426A1ED93006725DC /* Build configuration list for PBXNativeTarget "AppStack-Demo" */;
			buildPhases = (
				20F11E6AB1072353CF7B12DD /* [CP] Check Pods Manifest.lock */,
				FAF584DD26A1ED8F006725DC /* Sources */,
				FAF584DE26A1ED8F006725DC /* Frameworks */,
				FAF584DF26A1ED8F006725DC /* Resources */,
				22AFD2C10A659C162C8998F9 /* [CP] Embed Pods Frameworks */,
			);
			buildRules = (
			);
			dependencies = (
			);
			name = "AppStack-Demo";
			productName = "AppStack-Demo";
			productReference = FAF584E126A1ED8F006725DC /* AppStack-Demo.app */;
			productType = "com.apple.product-type.application";
		};
/* End PBXNativeTarget section */

/* Begin PBXProject section */
		607FACC81AFB9204008FA782 /* Project object */ = {
			isa = PBXProject;
			attributes = {
				LastSwiftUpdateCheck = 1250;
				LastUpgradeCheck = 1250;
				ORGANIZATIONNAME = CocoaPods;
				TargetAttributes = {
					607FACE41AFB9204008FA782 = {
						CreatedOnToolsVersion = 6.3.1;
						LastSwiftMigration = 0900;
						TestTargetID = 607FACCF1AFB9204008FA782;
					};
					FAF584E026A1ED8F006725DC = {
						CreatedOnToolsVersion = 12.5.1;
						DevelopmentTeam = AW6FFG2KX3;
						ProvisioningStyle = Automatic;
					};
				};
			};
			buildConfigurationList = 607FACCB1AFB9204008FA782 /* Build configuration list for PBXProject "AppStack" */;
			compatibilityVersion = "Xcode 3.2";
			developmentRegion = English;
			hasScannedForEncodings = 0;
			knownRegions = (
				English,
				en,
				Base,
			);
			mainGroup = 607FACC71AFB9204008FA782;
			productRefGroup = 607FACD11AFB9204008FA782 /* Products */;
			projectDirPath = "";
			projectRoot = "";
			targets = (
				FAF584E026A1ED8F006725DC /* AppStack-Demo */,
				607FACE41AFB9204008FA782 /* AppStack_Tests */,
			);
		};
/* End PBXProject section */

/* Begin PBXResourcesBuildPhase section */
		607FACE31AFB9204008FA782 /* Resources */ = {
			isa = PBXResourcesBuildPhase;
			buildActionMask = 2147483647;
			files = (
			);
			runOnlyForDeploymentPostprocessing = 0;
		};
		FAF584DF26A1ED8F006725DC /* Resources */ = {
			isa = PBXResourcesBuildPhase;
			buildActionMask = 2147483647;
			files = (
				FA7B64FB26A998BB00FC230D /* Login.storyboard in Resources */,
				FAF584F026A1ED93006725DC /* LaunchScreen.storyboard in Resources */,
				FAF584ED26A1ED93006725DC /* Assets.xcassets in Resources */,
				FA7B650C26A9D9CD00FC230D /* Main.storyboard in Resources */,
			);
			runOnlyForDeploymentPostprocessing = 0;
		};
/* End PBXResourcesBuildPhase section */

/* Begin PBXShellScriptBuildPhase section */
		20F11E6AB1072353CF7B12DD /* [CP] Check Pods Manifest.lock */ = {
			isa = PBXShellScriptBuildPhase;
			buildActionMask = 2147483647;
			files = (
			);
			inputFileListPaths = (
			);
			inputPaths = (
				"${PODS_PODFILE_DIR_PATH}/Podfile.lock",
				"${PODS_ROOT}/Manifest.lock",
			);
			name = "[CP] Check Pods Manifest.lock";
			outputFileListPaths = (
			);
			outputPaths = (
				"$(DERIVED_FILE_DIR)/Pods-AppStack-Demo-checkManifestLockResult.txt",
			);
			runOnlyForDeploymentPostprocessing = 0;
			shellPath = /bin/sh;
			shellScript = "diff \"${PODS_PODFILE_DIR_PATH}/Podfile.lock\" \"${PODS_ROOT}/Manifest.lock\" > /dev/null\nif [ $? != 0 ] ; then\n    # print error to STDERR\n    echo \"error: The sandbox is not in sync with the Podfile.lock. Run 'pod install' or update your CocoaPods installation.\" >&2\n    exit 1\nfi\n# This output is used by Xcode 'outputs' to avoid re-running this script phase.\necho \"SUCCESS\" > \"${SCRIPT_OUTPUT_FILE_0}\"\n";
			showEnvVarsInLog = 0;
		};
		22AFD2C10A659C162C8998F9 /* [CP] Embed Pods Frameworks */ = {
			isa = PBXShellScriptBuildPhase;
			buildActionMask = 2147483647;
			files = (
			);
			inputPaths = (
				"${PODS_ROOT}/Target Support Files/Pods-AppStack-Demo/Pods-AppStack-Demo-frameworks.sh",
				"${BUILT_PRODUCTS_DIR}/Action/Action.framework",
				"${BUILT_PRODUCTS_DIR}/AppStack/AppStack.framework",
				"${BUILT_PRODUCTS_DIR}/Differentiator/Differentiator.framework",
				"${BUILT_PRODUCTS_DIR}/Jelly/Jelly.framework",
				"${BUILT_PRODUCTS_DIR}/Overture/Overture.framework",
				"${BUILT_PRODUCTS_DIR}/RxBiBinding/RxBiBinding.framework",
				"${BUILT_PRODUCTS_DIR}/RxCocoa/RxCocoa.framework",
				"${BUILT_PRODUCTS_DIR}/RxDataSources/RxDataSources.framework",
				"${BUILT_PRODUCTS_DIR}/RxRelay/RxRelay.framework",
				"${BUILT_PRODUCTS_DIR}/RxSwift/RxSwift.framework",
				"${BUILT_PRODUCTS_DIR}/SPPermissions/SPPermissions.framework",
				"${BUILT_PRODUCTS_DIR}/SkyFloatingLabelTextField/SkyFloatingLabelTextField.framework",
				"${BUILT_PRODUCTS_DIR}/lottie-ios/Lottie.framework",
			);
			name = "[CP] Embed Pods Frameworks";
			outputPaths = (
				"${TARGET_BUILD_DIR}/${FRAMEWORKS_FOLDER_PATH}/Action.framework",
				"${TARGET_BUILD_DIR}/${FRAMEWORKS_FOLDER_PATH}/AppStack.framework",
				"${TARGET_BUILD_DIR}/${FRAMEWORKS_FOLDER_PATH}/Differentiator.framework",
				"${TARGET_BUILD_DIR}/${FRAMEWORKS_FOLDER_PATH}/Jelly.framework",
				"${TARGET_BUILD_DIR}/${FRAMEWORKS_FOLDER_PATH}/Overture.framework",
				"${TARGET_BUILD_DIR}/${FRAMEWORKS_FOLDER_PATH}/RxBiBinding.framework",
				"${TARGET_BUILD_DIR}/${FRAMEWORKS_FOLDER_PATH}/RxCocoa.framework",
				"${TARGET_BUILD_DIR}/${FRAMEWORKS_FOLDER_PATH}/RxDataSources.framework",
				"${TARGET_BUILD_DIR}/${FRAMEWORKS_FOLDER_PATH}/RxRelay.framework",
				"${TARGET_BUILD_DIR}/${FRAMEWORKS_FOLDER_PATH}/RxSwift.framework",
				"${TARGET_BUILD_DIR}/${FRAMEWORKS_FOLDER_PATH}/SPPermissions.framework",
				"${TARGET_BUILD_DIR}/${FRAMEWORKS_FOLDER_PATH}/SkyFloatingLabelTextField.framework",
				"${TARGET_BUILD_DIR}/${FRAMEWORKS_FOLDER_PATH}/Lottie.framework",
			);
			runOnlyForDeploymentPostprocessing = 0;
			shellPath = /bin/sh;
			shellScript = "\"${PODS_ROOT}/Target Support Files/Pods-AppStack-Demo/Pods-AppStack-Demo-frameworks.sh\"\n";
			showEnvVarsInLog = 0;
		};
		5E850A470453EBC32F9AE829 /* [CP] Embed Pods Frameworks */ = {
			isa = PBXShellScriptBuildPhase;
			buildActionMask = 2147483647;
			files = (
			);
			inputPaths = (
				"${PODS_ROOT}/Target Support Files/Pods-AppStack_Tests/Pods-AppStack_Tests-frameworks.sh",
				"${BUILT_PRODUCTS_DIR}/Action/Action.framework",
				"${BUILT_PRODUCTS_DIR}/AppStack/AppStack.framework",
				"${BUILT_PRODUCTS_DIR}/Differentiator/Differentiator.framework",
				"${BUILT_PRODUCTS_DIR}/Jelly/Jelly.framework",
				"${BUILT_PRODUCTS_DIR}/Overture/Overture.framework",
				"${BUILT_PRODUCTS_DIR}/RxBiBinding/RxBiBinding.framework",
				"${BUILT_PRODUCTS_DIR}/RxCocoa/RxCocoa.framework",
				"${BUILT_PRODUCTS_DIR}/RxDataSources/RxDataSources.framework",
				"${BUILT_PRODUCTS_DIR}/RxRelay/RxRelay.framework",
				"${BUILT_PRODUCTS_DIR}/RxSwift/RxSwift.framework",
				"${BUILT_PRODUCTS_DIR}/SPPermissions/SPPermissions.framework",
				"${BUILT_PRODUCTS_DIR}/SkyFloatingLabelTextField/SkyFloatingLabelTextField.framework",
				"${BUILT_PRODUCTS_DIR}/lottie-ios/Lottie.framework",
				"${BUILT_PRODUCTS_DIR}/Nimble/Nimble.framework",
				"${BUILT_PRODUCTS_DIR}/Quick/Quick.framework",
			);
			name = "[CP] Embed Pods Frameworks";
			outputPaths = (
				"${TARGET_BUILD_DIR}/${FRAMEWORKS_FOLDER_PATH}/Action.framework",
				"${TARGET_BUILD_DIR}/${FRAMEWORKS_FOLDER_PATH}/AppStack.framework",
				"${TARGET_BUILD_DIR}/${FRAMEWORKS_FOLDER_PATH}/Differentiator.framework",
				"${TARGET_BUILD_DIR}/${FRAMEWORKS_FOLDER_PATH}/Jelly.framework",
				"${TARGET_BUILD_DIR}/${FRAMEWORKS_FOLDER_PATH}/Overture.framework",
				"${TARGET_BUILD_DIR}/${FRAMEWORKS_FOLDER_PATH}/RxBiBinding.framework",
				"${TARGET_BUILD_DIR}/${FRAMEWORKS_FOLDER_PATH}/RxCocoa.framework",
				"${TARGET_BUILD_DIR}/${FRAMEWORKS_FOLDER_PATH}/RxDataSources.framework",
				"${TARGET_BUILD_DIR}/${FRAMEWORKS_FOLDER_PATH}/RxRelay.framework",
				"${TARGET_BUILD_DIR}/${FRAMEWORKS_FOLDER_PATH}/RxSwift.framework",
				"${TARGET_BUILD_DIR}/${FRAMEWORKS_FOLDER_PATH}/SPPermissions.framework",
				"${TARGET_BUILD_DIR}/${FRAMEWORKS_FOLDER_PATH}/SkyFloatingLabelTextField.framework",
				"${TARGET_BUILD_DIR}/${FRAMEWORKS_FOLDER_PATH}/Lottie.framework",
				"${TARGET_BUILD_DIR}/${FRAMEWORKS_FOLDER_PATH}/Nimble.framework",
				"${TARGET_BUILD_DIR}/${FRAMEWORKS_FOLDER_PATH}/Quick.framework",
			);
			runOnlyForDeploymentPostprocessing = 0;
			shellPath = /bin/sh;
			shellScript = "\"${PODS_ROOT}/Target Support Files/Pods-AppStack_Tests/Pods-AppStack_Tests-frameworks.sh\"\n";
			showEnvVarsInLog = 0;
		};
		6DF106568F1DDCEE53168A5E /* [CP] Check Pods Manifest.lock */ = {
			isa = PBXShellScriptBuildPhase;
			buildActionMask = 2147483647;
			files = (
			);
			inputFileListPaths = (
			);
			inputPaths = (
				"${PODS_PODFILE_DIR_PATH}/Podfile.lock",
				"${PODS_ROOT}/Manifest.lock",
			);
			name = "[CP] Check Pods Manifest.lock";
			outputFileListPaths = (
			);
			outputPaths = (
				"$(DERIVED_FILE_DIR)/Pods-AppStack_Tests-checkManifestLockResult.txt",
			);
			runOnlyForDeploymentPostprocessing = 0;
			shellPath = /bin/sh;
			shellScript = "diff \"${PODS_PODFILE_DIR_PATH}/Podfile.lock\" \"${PODS_ROOT}/Manifest.lock\" > /dev/null\nif [ $? != 0 ] ; then\n    # print error to STDERR\n    echo \"error: The sandbox is not in sync with the Podfile.lock. Run 'pod install' or update your CocoaPods installation.\" >&2\n    exit 1\nfi\n# This output is used by Xcode 'outputs' to avoid re-running this script phase.\necho \"SUCCESS\" > \"${SCRIPT_OUTPUT_FILE_0}\"\n";
			showEnvVarsInLog = 0;
		};
/* End PBXShellScriptBuildPhase section */

/* Begin PBXSourcesBuildPhase section */
		607FACE11AFB9204008FA782 /* Sources */ = {
			isa = PBXSourcesBuildPhase;
			buildActionMask = 2147483647;
			files = (
				607FACEC1AFB9204008FA782 /* Tests.swift in Sources */,
			);
			runOnlyForDeploymentPostprocessing = 0;
		};
		FAF584DD26A1ED8F006725DC /* Sources */ = {
			isa = PBXSourcesBuildPhase;
			buildActionMask = 2147483647;
			files = (
				FA7B650926A9D62D00FC230D /* MainCoordinator.swift in Sources */,
				FA7B64F526A9987A00FC230D /* LoginViewController.swift in Sources */,
				FA7B651126A9D9FE00FC230D /* SettingsRoute.swift in Sources */,
				FAF584E826A1ED90006725DC /* ViewController.swift in Sources */,
				FA7B64D026A6276D00FC230D /* DemoAppCoordinator.swift in Sources */,
				FA7B651226A9D9FE00FC230D /* SettingsViewController.swift in Sources */,
				FA7B64ED26A9982600FC230D /* SplashRoute.swift in Sources */,
				FA7B64DC26A629DD00FC230D /* SplashCoordinator.swift in Sources */,
				FA7B64F626A9987A00FC230D /* LoginBuilder.swift in Sources */,
				FA7B64F726A9987A00FC230D /* LoginViewModel.swift in Sources */,
				FA7B64EC26A9982600FC230D /* SplashViewModel.swift in Sources */,
				FAF584E426A1ED90006725DC /* AppDelegate.swift in Sources */,
				FA7B64DE26A62A1300FC230D /* UIStoryboard+Demo.swift in Sources */,
				FA7B64EA26A9982600FC230D /* SplashBuilder.swift in Sources */,
				FA7B64FE26A9995200FC230D /* Repository.swift in Sources */,
				FAF584E626A1ED90006725DC /* SceneDelegate.swift in Sources */,
				FA7B651326A9D9FE00FC230D /* SettingsBuilder.swift in Sources */,
				FA7B64F926A9988C00FC230D /* LoginCoordinator.swift in Sources */,
				FA7B64EB26A9982600FC230D /* SplashViewController.swift in Sources */,
				FA7B64F426A9987A00FC230D /* LoginRoute.swift in Sources */,
				FA7B651426A9D9FE00FC230D /* SettingsViewModel.swift in Sources */,
			);
			runOnlyForDeploymentPostprocessing = 0;
		};
/* End PBXSourcesBuildPhase section */

/* Begin PBXVariantGroup section */
		FAF584EE26A1ED93006725DC /* LaunchScreen.storyboard */ = {
			isa = PBXVariantGroup;
			children = (
				FAF584EF26A1ED93006725DC /* Base */,
			);
			name = LaunchScreen.storyboard;
			sourceTree = "<group>";
		};
/* End PBXVariantGroup section */

/* Begin XCBuildConfiguration section */
		607FACED1AFB9204008FA782 /* Debug */ = {
			isa = XCBuildConfiguration;
			buildSettings = {
				ALWAYS_SEARCH_USER_PATHS = NO;
				CLANG_ANALYZER_LOCALIZABILITY_NONLOCALIZED = YES;
				CLANG_CXX_LANGUAGE_STANDARD = "gnu++0x";
				CLANG_CXX_LIBRARY = "libc++";
				CLANG_ENABLE_MODULES = YES;
				CLANG_ENABLE_OBJC_ARC = YES;
				CLANG_WARN_BLOCK_CAPTURE_AUTORELEASING = YES;
				CLANG_WARN_BOOL_CONVERSION = YES;
				CLANG_WARN_COMMA = YES;
				CLANG_WARN_CONSTANT_CONVERSION = YES;
				CLANG_WARN_DEPRECATED_OBJC_IMPLEMENTATIONS = YES;
				CLANG_WARN_DIRECT_OBJC_ISA_USAGE = YES_ERROR;
				CLANG_WARN_EMPTY_BODY = YES;
				CLANG_WARN_ENUM_CONVERSION = YES;
				CLANG_WARN_INFINITE_RECURSION = YES;
				CLANG_WARN_INT_CONVERSION = YES;
				CLANG_WARN_NON_LITERAL_NULL_CONVERSION = YES;
				CLANG_WARN_OBJC_IMPLICIT_RETAIN_SELF = YES;
				CLANG_WARN_OBJC_LITERAL_CONVERSION = YES;
				CLANG_WARN_OBJC_ROOT_CLASS = YES_ERROR;
				CLANG_WARN_QUOTED_INCLUDE_IN_FRAMEWORK_HEADER = YES;
				CLANG_WARN_RANGE_LOOP_ANALYSIS = YES;
				CLANG_WARN_STRICT_PROTOTYPES = YES;
				CLANG_WARN_SUSPICIOUS_MOVE = YES;
				CLANG_WARN_UNREACHABLE_CODE = YES;
				CLANG_WARN__DUPLICATE_METHOD_MATCH = YES;
				"CODE_SIGN_IDENTITY[sdk=iphoneos*]" = "iPhone Developer";
				COPY_PHASE_STRIP = NO;
				DEBUG_INFORMATION_FORMAT = "dwarf-with-dsym";
				ENABLE_STRICT_OBJC_MSGSEND = YES;
				ENABLE_TESTABILITY = YES;
				GCC_C_LANGUAGE_STANDARD = gnu99;
				GCC_DYNAMIC_NO_PIC = NO;
				GCC_NO_COMMON_BLOCKS = YES;
				GCC_OPTIMIZATION_LEVEL = 0;
				GCC_PREPROCESSOR_DEFINITIONS = (
					"DEBUG=1",
					"$(inherited)",
				);
				GCC_SYMBOLS_PRIVATE_EXTERN = NO;
				GCC_WARN_64_TO_32_BIT_CONVERSION = YES;
				GCC_WARN_ABOUT_RETURN_TYPE = YES_ERROR;
				GCC_WARN_UNDECLARED_SELECTOR = YES;
				GCC_WARN_UNINITIALIZED_AUTOS = YES_AGGRESSIVE;
				GCC_WARN_UNUSED_FUNCTION = YES;
				GCC_WARN_UNUSED_VARIABLE = YES;
				IPHONEOS_DEPLOYMENT_TARGET = 13.0;
				MTL_ENABLE_DEBUG_INFO = YES;
				ONLY_ACTIVE_ARCH = YES;
				SDKROOT = iphoneos;
				SWIFT_OPTIMIZATION_LEVEL = "-Onone";
			};
			name = Debug;
		};
		607FACEE1AFB9204008FA782 /* Release */ = {
			isa = XCBuildConfiguration;
			buildSettings = {
				ALWAYS_SEARCH_USER_PATHS = NO;
				CLANG_ANALYZER_LOCALIZABILITY_NONLOCALIZED = YES;
				CLANG_CXX_LANGUAGE_STANDARD = "gnu++0x";
				CLANG_CXX_LIBRARY = "libc++";
				CLANG_ENABLE_MODULES = YES;
				CLANG_ENABLE_OBJC_ARC = YES;
				CLANG_WARN_BLOCK_CAPTURE_AUTORELEASING = YES;
				CLANG_WARN_BOOL_CONVERSION = YES;
				CLANG_WARN_COMMA = YES;
				CLANG_WARN_CONSTANT_CONVERSION = YES;
				CLANG_WARN_DEPRECATED_OBJC_IMPLEMENTATIONS = YES;
				CLANG_WARN_DIRECT_OBJC_ISA_USAGE = YES_ERROR;
				CLANG_WARN_EMPTY_BODY = YES;
				CLANG_WARN_ENUM_CONVERSION = YES;
				CLANG_WARN_INFINITE_RECURSION = YES;
				CLANG_WARN_INT_CONVERSION = YES;
				CLANG_WARN_NON_LITERAL_NULL_CONVERSION = YES;
				CLANG_WARN_OBJC_IMPLICIT_RETAIN_SELF = YES;
				CLANG_WARN_OBJC_LITERAL_CONVERSION = YES;
				CLANG_WARN_OBJC_ROOT_CLASS = YES_ERROR;
				CLANG_WARN_QUOTED_INCLUDE_IN_FRAMEWORK_HEADER = YES;
				CLANG_WARN_RANGE_LOOP_ANALYSIS = YES;
				CLANG_WARN_STRICT_PROTOTYPES = YES;
				CLANG_WARN_SUSPICIOUS_MOVE = YES;
				CLANG_WARN_UNREACHABLE_CODE = YES;
				CLANG_WARN__DUPLICATE_METHOD_MATCH = YES;
				"CODE_SIGN_IDENTITY[sdk=iphoneos*]" = "iPhone Developer";
				COPY_PHASE_STRIP = NO;
				DEBUG_INFORMATION_FORMAT = "dwarf-with-dsym";
				ENABLE_NS_ASSERTIONS = NO;
				ENABLE_STRICT_OBJC_MSGSEND = YES;
				GCC_C_LANGUAGE_STANDARD = gnu99;
				GCC_NO_COMMON_BLOCKS = YES;
				GCC_WARN_64_TO_32_BIT_CONVERSION = YES;
				GCC_WARN_ABOUT_RETURN_TYPE = YES_ERROR;
				GCC_WARN_UNDECLARED_SELECTOR = YES;
				GCC_WARN_UNINITIALIZED_AUTOS = YES_AGGRESSIVE;
				GCC_WARN_UNUSED_FUNCTION = YES;
				GCC_WARN_UNUSED_VARIABLE = YES;
				IPHONEOS_DEPLOYMENT_TARGET = 13.0;
				MTL_ENABLE_DEBUG_INFO = NO;
				SDKROOT = iphoneos;
				SWIFT_OPTIMIZATION_LEVEL = "-Owholemodule";
				VALIDATE_PRODUCT = YES;
			};
			name = Release;
		};
		607FACF31AFB9204008FA782 /* Debug */ = {
			isa = XCBuildConfiguration;
			baseConfigurationReference = 0462456BFFF641F7D12CCBD1 /* Pods-AppStack_Tests.debug.xcconfig */;
			buildSettings = {
				FRAMEWORK_SEARCH_PATHS = (
					"$(PLATFORM_DIR)/Developer/Library/Frameworks",
					"$(inherited)",
				);
				GCC_PREPROCESSOR_DEFINITIONS = (
					"DEBUG=1",
					"$(inherited)",
				);
				INFOPLIST_FILE = Tests/Info.plist;
				LD_RUNPATH_SEARCH_PATHS = "$(inherited) @executable_path/Frameworks @loader_path/Frameworks";
				PRODUCT_BUNDLE_IDENTIFIER = "org.cocoapods.$(PRODUCT_NAME:rfc1034identifier)";
				PRODUCT_NAME = "$(TARGET_NAME)";
				SWIFT_SWIFT3_OBJC_INFERENCE = Default;
				SWIFT_VERSION = 5.0;
				TEST_HOST = "$(BUILT_PRODUCTS_DIR)/AppStack_Example.app/AppStack_Example";
			};
			name = Debug;
		};
		607FACF41AFB9204008FA782 /* Release */ = {
			isa = XCBuildConfiguration;
			baseConfigurationReference = 6015B681036F61AEB87CF417 /* Pods-AppStack_Tests.release.xcconfig */;
			buildSettings = {
				FRAMEWORK_SEARCH_PATHS = (
					"$(PLATFORM_DIR)/Developer/Library/Frameworks",
					"$(inherited)",
				);
				INFOPLIST_FILE = Tests/Info.plist;
				LD_RUNPATH_SEARCH_PATHS = "$(inherited) @executable_path/Frameworks @loader_path/Frameworks";
				PRODUCT_BUNDLE_IDENTIFIER = "org.cocoapods.$(PRODUCT_NAME:rfc1034identifier)";
				PRODUCT_NAME = "$(TARGET_NAME)";
				SWIFT_SWIFT3_OBJC_INFERENCE = Default;
				SWIFT_VERSION = 5.0;
				TEST_HOST = "$(BUILT_PRODUCTS_DIR)/AppStack_Example.app/AppStack_Example";
			};
			name = Release;
		};
		FAF584F226A1ED93006725DC /* Debug */ = {
			isa = XCBuildConfiguration;
			baseConfigurationReference = 5322A3D3F21A036C00E46C88 /* Pods-AppStack-Demo.debug.xcconfig */;
			buildSettings = {
				ASSETCATALOG_COMPILER_APPICON_NAME = AppIcon;
				ASSETCATALOG_COMPILER_GLOBAL_ACCENT_COLOR_NAME = AccentColor;
				CLANG_ANALYZER_NONNULL = YES;
				CLANG_ANALYZER_NUMBER_OBJECT_CONVERSION = YES_AGGRESSIVE;
				CLANG_CXX_LANGUAGE_STANDARD = "gnu++14";
				CLANG_ENABLE_OBJC_WEAK = YES;
				CLANG_WARN_DEPRECATED_OBJC_IMPLEMENTATIONS = YES;
				CLANG_WARN_DOCUMENTATION_COMMENTS = YES;
				CLANG_WARN_OBJC_IMPLICIT_RETAIN_SELF = YES;
				CLANG_WARN_QUOTED_INCLUDE_IN_FRAMEWORK_HEADER = YES;
				CLANG_WARN_UNGUARDED_AVAILABILITY = YES_AGGRESSIVE;
				CODE_SIGN_STYLE = Automatic;
				DEBUG_INFORMATION_FORMAT = dwarf;
				DEVELOPMENT_TEAM = AW6FFG2KX3;
				GCC_C_LANGUAGE_STANDARD = gnu11;
				INFOPLIST_FILE = "AppStack-Demo/Info.plist";
				IPHONEOS_DEPLOYMENT_TARGET = 13.0;
				LD_RUNPATH_SEARCH_PATHS = "$(inherited) @executable_path/Frameworks";
				MTL_ENABLE_DEBUG_INFO = INCLUDE_SOURCE;
				MTL_FAST_MATH = YES;
				PRODUCT_BUNDLE_IDENTIFIER = "ro.appstack.AppStack-Demo";
				PRODUCT_NAME = "$(TARGET_NAME)";
				SWIFT_ACTIVE_COMPILATION_CONDITIONS = DEBUG;
				SWIFT_VERSION = 5.0;
				TARGETED_DEVICE_FAMILY = "1,2";
			};
			name = Debug;
		};
		FAF584F326A1ED93006725DC /* Release */ = {
			isa = XCBuildConfiguration;
			baseConfigurationReference = F9C4161B3732F67029B94D17 /* Pods-AppStack-Demo.release.xcconfig */;
			buildSettings = {
				ASSETCATALOG_COMPILER_APPICON_NAME = AppIcon;
				ASSETCATALOG_COMPILER_GLOBAL_ACCENT_COLOR_NAME = AccentColor;
				CLANG_ANALYZER_NONNULL = YES;
				CLANG_ANALYZER_NUMBER_OBJECT_CONVERSION = YES_AGGRESSIVE;
				CLANG_CXX_LANGUAGE_STANDARD = "gnu++14";
				CLANG_ENABLE_OBJC_WEAK = YES;
				CLANG_WARN_DEPRECATED_OBJC_IMPLEMENTATIONS = YES;
				CLANG_WARN_DOCUMENTATION_COMMENTS = YES;
				CLANG_WARN_OBJC_IMPLICIT_RETAIN_SELF = YES;
				CLANG_WARN_QUOTED_INCLUDE_IN_FRAMEWORK_HEADER = YES;
				CLANG_WARN_UNGUARDED_AVAILABILITY = YES_AGGRESSIVE;
				CODE_SIGN_STYLE = Automatic;
				DEVELOPMENT_TEAM = AW6FFG2KX3;
				GCC_C_LANGUAGE_STANDARD = gnu11;
				INFOPLIST_FILE = "AppStack-Demo/Info.plist";
				IPHONEOS_DEPLOYMENT_TARGET = 13.0;
				LD_RUNPATH_SEARCH_PATHS = "$(inherited) @executable_path/Frameworks";
				MTL_FAST_MATH = YES;
				PRODUCT_BUNDLE_IDENTIFIER = "ro.appstack.AppStack-Demo";
				PRODUCT_NAME = "$(TARGET_NAME)";
				SWIFT_VERSION = 5.0;
				TARGETED_DEVICE_FAMILY = "1,2";
			};
			name = Release;
		};
/* End XCBuildConfiguration section */

/* Begin XCConfigurationList section */
		607FACCB1AFB9204008FA782 /* Build configuration list for PBXProject "AppStack" */ = {
			isa = XCConfigurationList;
			buildConfigurations = (
				607FACED1AFB9204008FA782 /* Debug */,
				607FACEE1AFB9204008FA782 /* Release */,
			);
			defaultConfigurationIsVisible = 0;
			defaultConfigurationName = Release;
		};
		607FACF21AFB9204008FA782 /* Build configuration list for PBXNativeTarget "AppStack_Tests" */ = {
			isa = XCConfigurationList;
			buildConfigurations = (
				607FACF31AFB9204008FA782 /* Debug */,
				607FACF41AFB9204008FA782 /* Release */,
			);
			defaultConfigurationIsVisible = 0;
			defaultConfigurationName = Release;
		};
		FAF584F426A1ED93006725DC /* Build configuration list for PBXNativeTarget "AppStack-Demo" */ = {
			isa = XCConfigurationList;
			buildConfigurations = (
				FAF584F226A1ED93006725DC /* Debug */,
				FAF584F326A1ED93006725DC /* Release */,
			);
			defaultConfigurationIsVisible = 0;
			defaultConfigurationName = Release;
		};
/* End XCConfigurationList section */
	};
	rootObject = 607FACC81AFB9204008FA782 /* Project object */;
}
